// !$*UTF8*$!
{
	archiveVersion = 1;
	classes = {
	};
	objectVersion = 46;
	objects = {

/* Begin PBXBuildFile section */
		A9278ACD1E8FAFDB002931CF /* SkylineNode.swift in Sources */ = {isa = PBXBuildFile; fileRef = A9278ACC1E8FAFDB002931CF /* SkylineNode.swift */; };
		A93839591E8F96A400A3C047 /* BirdNode.swift in Sources */ = {isa = PBXBuildFile; fileRef = A93839581E8F96A400A3C047 /* BirdNode.swift */; };
		A938395B1E8FA97B00A3C047 /* GroundNode.swift in Sources */ = {isa = PBXBuildFile; fileRef = A938395A1E8FA97B00A3C047 /* GroundNode.swift */; };
		A9B509751F70F19100D922B5 /* PipeNode.swift in Sources */ = {isa = PBXBuildFile; fileRef = A9B509741F70F19100D922B5 /* PipeNode.swift */; };
		A9EAAB861E8F5DBF001E467D /* AppDelegate.swift in Sources */ = {isa = PBXBuildFile; fileRef = A9EAAB851E8F5DBF001E467D /* AppDelegate.swift */; };
		A9EAAB8C1E8F5DBF001E467D /* GameScene.swift in Sources */ = {isa = PBXBuildFile; fileRef = A9EAAB8B1E8F5DBF001E467D /* GameScene.swift */; };
		A9EAAB8E1E8F5DBF001E467D /* GameViewController.swift in Sources */ = {isa = PBXBuildFile; fileRef = A9EAAB8D1E8F5DBF001E467D /* GameViewController.swift */; };
		A9EAAB911E8F5DBF001E467D /* Main.storyboard in Resources */ = {isa = PBXBuildFile; fileRef = A9EAAB8F1E8F5DBF001E467D /* Main.storyboard */; };
		A9EAAB931E8F5DBF001E467D /* Assets.xcassets in Resources */ = {isa = PBXBuildFile; fileRef = A9EAAB921E8F5DBF001E467D /* Assets.xcassets */; };
		A9EAAB961E8F5DBF001E467D /* LaunchScreen.storyboard in Resources */ = {isa = PBXBuildFile; fileRef = A9EAAB941E8F5DBF001E467D /* LaunchScreen.storyboard */; };
/* End PBXBuildFile section */

/* Begin PBXFileReference section */
		A9278ACC1E8FAFDB002931CF /* SkylineNode.swift */ = {isa = PBXFileReference; fileEncoding = 4; lastKnownFileType = sourcecode.swift; path = SkylineNode.swift; sourceTree = "<group>"; };
		A93839581E8F96A400A3C047 /* BirdNode.swift */ = {isa = PBXFileReference; fileEncoding = 4; lastKnownFileType = sourcecode.swift; path = BirdNode.swift; sourceTree = "<group>"; };
		A938395A1E8FA97B00A3C047 /* GroundNode.swift */ = {isa = PBXFileReference; fileEncoding = 4; lastKnownFileType = sourcecode.swift; path = GroundNode.swift; sourceTree = "<group>"; };
		A9B509741F70F19100D922B5 /* PipeNode.swift */ = {isa = PBXFileReference; fileEncoding = 4; lastKnownFileType = sourcecode.swift; path = PipeNode.swift; sourceTree = "<group>"; };
		A9EAAB821E8F5DBF001E467D /* GuappyHorse.app */ = {isa = PBXFileReference; explicitFileType = wrapper.application; includeInIndex = 0; path = GuappyHorse.app; sourceTree = BUILT_PRODUCTS_DIR; };
		A9EAAB851E8F5DBF001E467D /* AppDelegate.swift */ = {isa = PBXFileReference; lastKnownFileType = sourcecode.swift; path = AppDelegate.swift; sourceTree = "<group>"; };
		A9EAAB8B1E8F5DBF001E467D /* GameScene.swift */ = {isa = PBXFileReference; lastKnownFileType = sourcecode.swift; path = GameScene.swift; sourceTree = "<group>"; };
		A9EAAB8D1E8F5DBF001E467D /* GameViewController.swift */ = {isa = PBXFileReference; lastKnownFileType = sourcecode.swift; path = GameViewController.swift; sourceTree = "<group>"; };
		A9EAAB901E8F5DBF001E467D /* Base */ = {isa = PBXFileReference; lastKnownFileType = file.storyboard; name = Base; path = Base.lproj/Main.storyboard; sourceTree = "<group>"; };
		A9EAAB921E8F5DBF001E467D /* Assets.xcassets */ = {isa = PBXFileReference; lastKnownFileType = folder.assetcatalog; path = Assets.xcassets; sourceTree = "<group>"; };
		A9EAAB951E8F5DBF001E467D /* Base */ = {isa = PBXFileReference; lastKnownFileType = file.storyboard; name = Base; path = Base.lproj/LaunchScreen.storyboard; sourceTree = "<group>"; };
		A9EAAB971E8F5DBF001E467D /* Info.plist */ = {isa = PBXFileReference; lastKnownFileType = text.plist.xml; path = Info.plist; sourceTree = "<group>"; };
/* End PBXFileReference section */

/* Begin PBXFrameworksBuildPhase section */
		A9EAAB7F1E8F5DBF001E467D /* Frameworks */ = {
			isa = PBXFrameworksBuildPhase;
			buildActionMask = 2147483647;
			files = (
			);
			runOnlyForDeploymentPostprocessing = 0;
		};
/* End PBXFrameworksBuildPhase section */

/* Begin PBXGroup section */
		A9EAAB791E8F5DBF001E467D = {
			isa = PBXGroup;
			children = (
				A9EAAB841E8F5DBF001E467D /* GuappyHorse */,
				A9EAAB831E8F5DBF001E467D /* Products */,
			);
			sourceTree = "<group>";
		};
		A9EAAB831E8F5DBF001E467D /* Products */ = {
			isa = PBXGroup;
			children = (
				A9EAAB821E8F5DBF001E467D /* GuappyHorse.app */,
			);
			name = Products;
			sourceTree = "<group>";
		};
		A9EAAB841E8F5DBF001E467D /* GuappyHorse */ = {
			isa = PBXGroup;
			children = (
				A9EAAB851E8F5DBF001E467D /* AppDelegate.swift */,
				A9EAAB8B1E8F5DBF001E467D /* GameScene.swift */,
				A9EAAB8D1E8F5DBF001E467D /* GameViewController.swift */,
				A9EAAB8F1E8F5DBF001E467D /* Main.storyboard */,
				A9EAAB921E8F5DBF001E467D /* Assets.xcassets */,
				A9EAAB941E8F5DBF001E467D /* LaunchScreen.storyboard */,
				A9EAAB971E8F5DBF001E467D /* Info.plist */,
				A93839581E8F96A400A3C047 /* BirdNode.swift */,
				A938395A1E8FA97B00A3C047 /* GroundNode.swift */,
				A9278ACC1E8FAFDB002931CF /* SkylineNode.swift */,
				A9B509741F70F19100D922B5 /* PipeNode.swift */,
			);
			path = GuappyHorse;
			sourceTree = "<group>";
		};
/* End PBXGroup section */

/* Begin PBXNativeTarget section */
		A9EAAB811E8F5DBF001E467D /* GuappyHorse */ = {
			isa = PBXNativeTarget;
			buildConfigurationList = A9EAAB9A1E8F5DBF001E467D /* Build configuration list for PBXNativeTarget "GuappyHorse" */;
			buildPhases = (
				A9EAAB7E1E8F5DBF001E467D /* Sources */,
				A9EAAB7F1E8F5DBF001E467D /* Frameworks */,
				A9EAAB801E8F5DBF001E467D /* Resources */,
			);
			buildRules = (
			);
			dependencies = (
			);
			name = GuappyHorse;
			productName = GuappyHorse;
			productReference = A9EAAB821E8F5DBF001E467D /* GuappyHorse.app */;
			productType = "com.apple.product-type.application";
		};
/* End PBXNativeTarget section */

/* Begin PBXProject section */
		A9EAAB7A1E8F5DBF001E467D /* Project object */ = {
			isa = PBXProject;
			attributes = {
				LastSwiftUpdateCheck = 0830;
				LastUpgradeCheck = 0830;
				ORGANIZATIONNAME = "Hahn Chan";
				TargetAttributes = {
					A9EAAB811E8F5DBF001E467D = {
						CreatedOnToolsVersion = 8.3;
						DevelopmentTeam = 2PU4QHZLMM;
						ProvisioningStyle = Automatic;
					};
				};
			};
			buildConfigurationList = A9EAAB7D1E8F5DBF001E467D /* Build configuration list for PBXProject "GuappyHorse" */;
			compatibilityVersion = "Xcode 3.2";
			developmentRegion = English;
			hasScannedForEncodings = 0;
			knownRegions = (
				en,
				Base,
			);
			mainGroup = A9EAAB791E8F5DBF001E467D;
			productRefGroup = A9EAAB831E8F5DBF001E467D /* Products */;
			projectDirPath = "";
			projectRoot = "";
			targets = (
				A9EAAB811E8F5DBF001E467D /* GuappyHorse */,
			);
		};
/* End PBXProject section */

/* Begin PBXResourcesBuildPhase section */
		A9EAAB801E8F5DBF001E467D /* Resources */ = {
			isa = PBXResourcesBuildPhase;
			buildActionMask = 2147483647;
			files = (
				A9EAAB911E8F5DBF001E467D /* Main.storyboard in Resources */,
				A9EAAB931E8F5DBF001E467D /* Assets.xcassets in Resources */,
				A9EAAB961E8F5DBF001E467D /* LaunchScreen.storyboard in Resources */,
			);
			runOnlyForDeploymentPostprocessing = 0;
		};
/* End PBXResourcesBuildPhase section */

/* Begin PBXSourcesBuildPhase section */
		A9EAAB7E1E8F5DBF001E467D /* Sources */ = {
			isa = PBXSourcesBuildPhase;
			buildActionMask = 2147483647;
			files = (
				A93839591E8F96A400A3C047 /* BirdNode.swift in Sources */,
				A9278ACD1E8FAFDB002931CF /* SkylineNode.swift in Sources */,
				A9EAAB8C1E8F5DBF001E467D /* GameScene.swift in Sources */,
				A9B509751F70F19100D922B5 /* PipeNode.swift in Sources */,
				A9EAAB8E1E8F5DBF001E467D /* GameViewController.swift in Sources */,
				A938395B1E8FA97B00A3C047 /* GroundNode.swift in Sources */,
				A9EAAB861E8F5DBF001E467D /* AppDelegate.swift in Sources */,
			);
			runOnlyForDeploymentPostprocessing = 0;
		};
/* End PBXSourcesBuildPhase section */

/* Begin PBXVariantGroup section */
		A9EAAB8F1E8F5DBF001E467D /* Main.storyboard */ = {
			isa = PBXVariantGroup;
			children = (
				A9EAAB901E8F5DBF001E467D /* Base */,
			);
			name = Main.storyboard;
			sourceTree = "<group>";
		};
		A9EAAB941E8F5DBF001E467D /* LaunchScreen.storyboard */ = {
			isa = PBXVariantGroup;
			children = (
				A9EAAB951E8F5DBF001E467D /* Base */,
			);
			name = LaunchScreen.storyboard;
			sourceTree = "<group>";
		};
/* End PBXVariantGroup section */

/* Begin XCBuildConfiguration section */
		A9EAAB981E8F5DBF001E467D /* Debug */ = {
			isa = XCBuildConfiguration;
			buildSettings = {
				ALWAYS_SEARCH_USER_PATHS = NO;
				CLANG_ANALYZER_NONNULL = YES;
				CLANG_ANALYZER_NUMBER_OBJECT_CONVERSION = YES_AGGRESSIVE;
				CLANG_CXX_LANGUAGE_STANDARD = "gnu++0x";
				CLANG_CXX_LIBRARY = "libc++";
				CLANG_ENABLE_MODULES = YES;
				CLANG_ENABLE_OBJC_ARC = YES;
				CLANG_WARN_BOOL_CONVERSION = YES;
				CLANG_WARN_CONSTANT_CONVERSION = YES;
				CLANG_WARN_DIRECT_OBJC_ISA_USAGE = YES_ERROR;
				CLANG_WARN_DOCUMENTATION_COMMENTS = YES;
				CLANG_WARN_EMPTY_BODY = YES;
				CLANG_WARN_ENUM_CONVERSION = YES;
				CLANG_WARN_INFINITE_RECURSION = YES;
				CLANG_WARN_INT_CONVERSION = YES;
				CLANG_WARN_OBJC_ROOT_CLASS = YES_ERROR;
				CLANG_WARN_SUSPICIOUS_MOVE = YES;
				CLANG_WARN_UNREACHABLE_CODE = YES;
				CLANG_WARN__DUPLICATE_METHOD_MATCH = YES;
				"CODE_SIGN_IDENTITY[sdk=iphoneos*]" = "iPhone Developer";
				COPY_PHASE_STRIP = NO;
				DEBUG_INFORMATION_FORMAT = dwarf;
				ENABLE_STRICT_OBJC_MSGSEND = YES;
				ENABLE_TESTABILITY = YES;
				GCC_C_LANGUAGE_STANDARD = gnu99;
				GCC_DYNAMIC_NO_PIC = NO;
				GCC_NO_COMMON_BLOCKS = YES;
				GCC_OPTIMIZATION_LEVEL = 0;
				GCC_PREPROCESSOR_DEFINITIONS = (
					"DEBUG=1",
					"$(inherited)",
				);
				GCC_WARN_64_TO_32_BIT_CONVERSION = YES;
				GCC_WARN_ABOUT_RETURN_TYPE = YES_ERROR;
				GCC_WARN_UNDECLARED_SELECTOR = YES;
				GCC_WARN_UNINITIALIZED_AUTOS = YES_AGGRESSIVE;
				GCC_WARN_UNUSED_FUNCTION = YES;
				GCC_WARN_UNUSED_VARIABLE = YES;
				IPHONEOS_DEPLOYMENT_TARGET = 10.0;
				MTL_ENABLE_DEBUG_INFO = YES;
				ONLY_ACTIVE_ARCH = YES;
				SDKROOT = iphoneos;
				SWIFT_ACTIVE_COMPILATION_CONDITIONS = DEBUG;
				SWIFT_OPTIMIZATION_LEVEL = "-Onone";
			};
			name = Debug;
		};
		A9EAAB991E8F5DBF001E467D /* Release */ = {
			isa = XCBuildConfiguration;
			buildSettings = {
				ALWAYS_SEARCH_USER_PATHS = NO;
				CLANG_ANALYZER_NONNULL = YES;
				CLANG_ANALYZER_NUMBER_OBJECT_CONVERSION = YES_AGGRESSIVE;
				CLANG_CXX_LANGUAGE_STANDARD = "gnu++0x";
				CLANG_CXX_LIBRARY = "libc++";
				CLANG_ENABLE_MODULES = YES;
				CLANG_ENABLE_OBJC_ARC = YES;
				CLANG_WARN_BOOL_CONVERSION = YES;
				CLANG_WARN_CONSTANT_CONVERSION = YES;
				CLANG_WARN_DIRECT_OBJC_ISA_USAGE = YES_ERROR;
				CLANG_WARN_DOCUMENTATION_COMMENTS = YES;
				CLANG_WARN_EMPTY_BODY = YES;
				CLANG_WARN_ENUM_CONVERSION = YES;
				CLANG_WARN_INFINITE_RECURSION = YES;
				CLANG_WARN_INT_CONVERSION = YES;
				CLANG_WARN_OBJC_ROOT_CLASS = YES_ERROR;
				CLANG_WARN_SUSPICIOUS_MOVE = YES;
				CLANG_WARN_UNREACHABLE_CODE = YES;
				CLANG_WARN__DUPLICATE_METHOD_MATCH = YES;
				"CODE_SIGN_IDENTITY[sdk=iphoneos*]" = "iPhone Developer";
				COPY_PHASE_STRIP = NO;
				DEBUG_INFORMATION_FORMAT = "dwarf-with-dsym";
				ENABLE_NS_ASSERTIONS = NO;
				ENABLE_STRICT_OBJC_MSGSEND = YES;
				GCC_C_LANGUAGE_STANDARD = gnu99;
				GCC_NO_COMMON_BLOCKS = YES;
				GCC_WARN_64_TO_32_BIT_CONVERSION = YES;
				GCC_WARN_ABOUT_RETURN_TYPE = YES_ERROR;
				GCC_WARN_UNDECLARED_SELECTOR = YES;
				GCC_WARN_UNINITIALIZED_AUTOS = YES_AGGRESSIVE;
				GCC_WARN_UNUSED_FUNCTION = YES;
				GCC_WARN_UNUSED_VARIABLE = YES;
				IPHONEOS_DEPLOYMENT_TARGET = 10.0;
				MTL_ENABLE_DEBUG_INFO = NO;
				SDKROOT = iphoneos;
				SWIFT_OPTIMIZATION_LEVEL = "-Owholemodule";
				VALIDATE_PRODUCT = YES;
			};
			name = Release;
		};
		A9EAAB9B1E8F5DBF001E467D /* Debug */ = {
			isa = XCBuildConfiguration;
			buildSettings = {
				ASSETCATALOG_COMPILER_APPICON_NAME = AppIcon;
				DEVELOPMENT_TEAM = 2PU4QHZLMM;
				INFOPLIST_FILE = GuappyHorse/Info.plist;
				LD_RUNPATH_SEARCH_PATHS = "$(inherited) @executable_path/Frameworks";
				PRODUCT_BUNDLE_IDENTIFIER = BBBBB.GuappyHorse;
				PRODUCT_NAME = "$(TARGET_NAME)";
				SWIFT_VERSION = 3.0;
			};
			name = Debug;
		};
		A9EAAB9C1E8F5DBF001E467D /* Release */ = {
			isa = XCBuildConfiguration;
			buildSettings = {
				ASSETCATALOG_COMPILER_APPICON_NAME = AppIcon;
				DEVELOPMENT_TEAM = 2PU4QHZLMM;
				INFOPLIST_FILE = GuappyHorse/Info.plist;
				LD_RUNPATH_SEARCH_PATHS = "$(inherited) @executable_path/Frameworks";
				PRODUCT_BUNDLE_IDENTIFIER = BBBBB.GuappyHorse;
				PRODUCT_NAME = "$(TARGET_NAME)";
				SWIFT_VERSION = 3.0;
			};
			name = Release;
		};
/* End XCBuildConfiguration section */

/* Begin XCConfigurationList section */
		A9EAAB7D1E8F5DBF001E467D /* Build configuration list for PBXProject "GuappyHorse" */ = {
			isa = XCConfigurationList;
			buildConfigurations = (
				A9EAAB981E8F5DBF001E467D /* Debug */,
				A9EAAB991E8F5DBF001E467D /* Release */,
			);
			defaultConfigurationIsVisible = 0;
			defaultConfigurationName = Release;
		};
		A9EAAB9A1E8F5DBF001E467D /* Build configuration list for PBXNativeTarget "GuappyHorse" */ = {
			isa = XCConfigurationList;
			buildConfigurations = (
				A9EAAB9B1E8F5DBF001E467D /* Debug */,
				A9EAAB9C1E8F5DBF001E467D /* Release */,
			);
			defaultConfigurationIsVisible = 0;
			defaultConfigurationName = Release;
		};
/* End XCConfigurationList section */
	};
	rootObject = A9EAAB7A1E8F5DBF001E467D /* Project object */;
}
